
Microsoft Visual Studio Solution File, Format Version 12.00
# Visual Studio 15
VisualStudioVersion = 15.0.26228.9
MinimumVisualStudioVersion = 10.0.40219.1
Project("{2150E333-8FDC-42A3-9474-1A3956D46DE8}") = "src", "src", "{3EF13F57-0339-404F-89E4-FFD1583C4E16}"
EndProject
Project("{2150E333-8FDC-42A3-9474-1A3956D46DE8}") = "Solution Items", "Solution Items", "{4510AB02-A8F5-4AD9-9908-1F3259EDA27A}"
	ProjectSection(SolutionItems) = preProject
		publishPackage.bat = publishPackage.bat
	EndProjectSection
EndProject
Project("{9A19103F-16F7-4668-BE54-9A1E7A4F7556}") = "test", "src\test\test.csproj", "{037094BC-1D44-4DA3-9B7A-258DC7D128D0}"
EndProject
Project("{9A19103F-16F7-4668-BE54-9A1E7A4F7556}") = "WebHdfs.Core", "src\WebHdfs.Core\WebHdfs.Core.csproj", "{895EA6CC-FF75-445B-B0C9-5F7A08BD7434}"
EndProject
Global
	GlobalSection(SolutionConfigurationPlatforms) = preSolution
		Debug|Any CPU = Debug|Any CPU
		Release|Any CPU = Release|Any CPU
	EndGlobalSection
	GlobalSection(ProjectConfigurationPlatforms) = postSolution
		{037094BC-1D44-4DA3-9B7A-258DC7D128D0}.Debug|Any CPU.ActiveCfg = Debug|Any CPU
		{037094BC-1D44-4DA3-9B7A-258DC7D128D0}.Debug|Any CPU.Build.0 = Debug|Any CPU
		{037094BC-1D44-4DA3-9B7A-258DC7D128D0}.Release|Any CPU.ActiveCfg = Release|Any CPU
		{037094BC-1D44-4DA3-9B7A-258DC7D128D0}.Release|Any CPU.Build.0 = Release|Any CPU
		{895EA6CC-FF75-445B-B0C9-5F7A08BD7434}.Debug|Any CPU.ActiveCfg = Debug|Any CPU
		{895EA6CC-FF75-445B-B0C9-5F7A08BD7434}.Debug|Any CPU.Build.0 = Debug|Any CPU
		{895EA6CC-FF75-445B-B0C9-5F7A08BD7434}.Release|Any CPU.ActiveCfg = Release|Any CPU
		{895EA6CC-FF75-445B-B0C9-5F7A08BD7434}.Release|Any CPU.Build.0 = Release|Any CPU
	EndGlobalSection
	GlobalSection(SolutionProperties) = preSolution
		HideSolutionNode = FALSE
	EndGlobalSection
	GlobalSection(NestedProjects) = preSolution
		{037094BC-1D44-4DA3-9B7A-258DC7D128D0} = {3EF13F57-0339-404F-89E4-FFD1583C4E16}
		{895EA6CC-FF75-445B-B0C9-5F7A08BD7434} = {3EF13F57-0339-404F-89E4-FFD1583C4E16}
	EndGlobalSection
EndGlobal
